// !$*UTF8*$!
{
	archiveVersion = 1;
	classes = {
	};
	objectVersion = 46;
	objects = {

/* Begin PBXBuildFile section */
		EBB9FB7E18ACB5FF00393831 /* Foundation.framework in Frameworks */ = {isa = PBXBuildFile; fileRef = EBB9FB7D18ACB5FF00393831 /* Foundation.framework */; };
		EBB9FB8018ACB5FF00393831 /* CoreGraphics.framework in Frameworks */ = {isa = PBXBuildFile; fileRef = EBB9FB7F18ACB5FF00393831 /* CoreGraphics.framework */; };
		EBB9FB8218ACB5FF00393831 /* UIKit.framework in Frameworks */ = {isa = PBXBuildFile; fileRef = EBB9FB8118ACB5FF00393831 /* UIKit.framework */; };
		EBB9FB8818ACB5FF00393831 /* InfoPlist.strings in Resources */ = {isa = PBXBuildFile; fileRef = EBB9FB8618ACB5FF00393831 /* InfoPlist.strings */; };
		EBB9FB8A18ACB5FF00393831 /* main.m in Sources */ = {isa = PBXBuildFile; fileRef = EBB9FB8918ACB5FF00393831 /* main.m */; };
		EBB9FB8E18ACB5FF00393831 /* AppDelegate.m in Sources */ = {isa = PBXBuildFile; fileRef = EBB9FB8D18ACB5FF00393831 /* AppDelegate.m */; };
		EBB9FB9118ACB5FF00393831 /* Main.storyboard in Resources */ = {isa = PBXBuildFile; fileRef = EBB9FB8F18ACB5FF00393831 /* Main.storyboard */; };
		EBB9FB9418ACB5FF00393831 /* ViewController.m in Sources */ = {isa = PBXBuildFile; fileRef = EBB9FB9318ACB5FF00393831 /* ViewController.m */; };
		EBB9FB9618ACB5FF00393831 /* Images.xcassets in Resources */ = {isa = PBXBuildFile; fileRef = EBB9FB9518ACB5FF00393831 /* Images.xcassets */; };
		EBB9FB9D18ACB5FF00393831 /* XCTest.framework in Frameworks */ = {isa = PBXBuildFile; fileRef = EBB9FB9C18ACB5FF00393831 /* XCTest.framework */; };
		EBB9FB9E18ACB5FF00393831 /* Foundation.framework in Frameworks */ = {isa = PBXBuildFile; fileRef = EBB9FB7D18ACB5FF00393831 /* Foundation.framework */; };
		EBB9FB9F18ACB5FF00393831 /* UIKit.framework in Frameworks */ = {isa = PBXBuildFile; fileRef = EBB9FB8118ACB5FF00393831 /* UIKit.framework */; };
		EBB9FBB518ACB71200393831 /* AppRater.m in Sources */ = {isa = PBXBuildFile; fileRef = EBB9FBB418ACB71200393831 /* AppRater.m */; };
/* End PBXBuildFile section */

/* Begin PBXContainerItemProxy section */
		EBB9FBA018ACB5FF00393831 /* PBXContainerItemProxy */ = {
			isa = PBXContainerItemProxy;
			containerPortal = EBB9FB7218ACB5FF00393831 /* Project object */;
			proxyType = 1;
			remoteGlobalIDString = EBB9FB7918ACB5FF00393831;
			remoteInfo = AppRaterSample;
		};
/* End PBXContainerItemProxy section */

/* Begin PBXFileReference section */
		EBB9FB7A18ACB5FF00393831 /* AppRaterSample.app */ = {isa = PBXFileReference; explicitFileType = wrapper.application; includeInIndex = 0; path = AppRaterSample.app; sourceTree = BUILT_PRODUCTS_DIR; };
		EBB9FB7D18ACB5FF00393831 /* Foundation.framework */ = {isa = PBXFileReference; lastKnownFileType = wrapper.framework; name = Foundation.framework; path = System/Library/Frameworks/Foundation.framework; sourceTree = SDKROOT; };
		EBB9FB7F18ACB5FF00393831 /* CoreGraphics.framework */ = {isa = PBXFileReference; lastKnownFileType = wrapper.framework; name = CoreGraphics.framework; path = System/Library/Frameworks/CoreGraphics.framework; sourceTree = SDKROOT; };
		EBB9FB8118ACB5FF00393831 /* UIKit.framework */ = {isa = PBXFileReference; lastKnownFileType = wrapper.framework; name = UIKit.framework; path = System/Library/Frameworks/UIKit.framework; sourceTree = SDKROOT; };
		EBB9FB8518ACB5FF00393831 /* AppRaterSample-Info.plist */ = {isa = PBXFileReference; lastKnownFileType = text.plist.xml; path = "AppRaterSample-Info.plist"; sourceTree = "<group>"; };
		EBB9FB8718ACB5FF00393831 /* en */ = {isa = PBXFileReference; lastKnownFileType = text.plist.strings; name = en; path = en.lproj/InfoPlist.strings; sourceTree = "<group>"; };
		EBB9FB8918ACB5FF00393831 /* main.m */ = {isa = PBXFileReference; lastKnownFileType = sourcecode.c.objc; path = main.m; sourceTree = "<group>"; };
		EBB9FB8B18ACB5FF00393831 /* AppRaterSample-Prefix.pch */ = {isa = PBXFileReference; lastKnownFileType = sourcecode.c.h; path = "AppRaterSample-Prefix.pch"; sourceTree = "<group>"; };
		EBB9FB8C18ACB5FF00393831 /* AppDelegate.h */ = {isa = PBXFileReference; lastKnownFileType = sourcecode.c.h; path = AppDelegate.h; sourceTree = "<group>"; };
		EBB9FB8D18ACB5FF00393831 /* AppDelegate.m */ = {isa = PBXFileReference; lastKnownFileType = sourcecode.c.objc; path = AppDelegate.m; sourceTree = "<group>"; };
		EBB9FB9018ACB5FF00393831 /* Base */ = {isa = PBXFileReference; lastKnownFileType = file.storyboard; name = Base; path = Base.lproj/Main.storyboard; sourceTree = "<group>"; };
		EBB9FB9218ACB5FF00393831 /* ViewController.h */ = {isa = PBXFileReference; lastKnownFileType = sourcecode.c.h; path = ViewController.h; sourceTree = "<group>"; };
		EBB9FB9318ACB5FF00393831 /* ViewController.m */ = {isa = PBXFileReference; lastKnownFileType = sourcecode.c.objc; path = ViewController.m; sourceTree = "<group>"; };
		EBB9FB9518ACB5FF00393831 /* Images.xcassets */ = {isa = PBXFileReference; lastKnownFileType = folder.assetcatalog; path = Images.xcassets; sourceTree = "<group>"; };
		EBB9FB9B18ACB5FF00393831 /* AppRaterSampleTests.xctest */ = {isa = PBXFileReference; explicitFileType = wrapper.cfbundle; includeInIndex = 0; path = AppRaterSampleTests.xctest; sourceTree = BUILT_PRODUCTS_DIR; };
		EBB9FB9C18ACB5FF00393831 /* XCTest.framework */ = {isa = PBXFileReference; lastKnownFileType = wrapper.framework; name = XCTest.framework; path = Library/Frameworks/XCTest.framework; sourceTree = DEVELOPER_DIR; };
		EBB9FBB318ACB71200393831 /* AppRater.h */ = {isa = PBXFileReference; fileEncoding = 4; lastKnownFileType = sourcecode.c.h; path = AppRater.h; sourceTree = "<group>"; };
		EBB9FBB418ACB71200393831 /* AppRater.m */ = {isa = PBXFileReference; fileEncoding = 4; lastKnownFileType = sourcecode.c.objc; path = AppRater.m; sourceTree = "<group>"; };
/* End PBXFileReference section */

/* Begin PBXFrameworksBuildPhase section */
		EBB9FB7718ACB5FF00393831 /* Frameworks */ = {
			isa = PBXFrameworksBuildPhase;
			buildActionMask = 2147483647;
			files = (
				EBB9FB8018ACB5FF00393831 /* CoreGraphics.framework in Frameworks */,
				EBB9FB8218ACB5FF00393831 /* UIKit.framework in Frameworks */,
				EBB9FB7E18ACB5FF00393831 /* Foundation.framework in Frameworks */,
			);
			runOnlyForDeploymentPostprocessing = 0;
		};
		EBB9FB9818ACB5FF00393831 /* Frameworks */ = {
			isa = PBXFrameworksBuildPhase;
			buildActionMask = 2147483647;
			files = (
				EBB9FB9D18ACB5FF00393831 /* XCTest.framework in Frameworks */,
				EBB9FB9F18ACB5FF00393831 /* UIKit.framework in Frameworks */,
				EBB9FB9E18ACB5FF00393831 /* Foundation.framework in Frameworks */,
			);
			runOnlyForDeploymentPostprocessing = 0;
		};
/* End PBXFrameworksBuildPhase section */

/* Begin PBXGroup section */
		EBB9FB7118ACB5FF00393831 = {
			isa = PBXGroup;
			children = (
				EBB9FB8318ACB5FF00393831 /* AppRaterSample */,
				EBB9FB7C18ACB5FF00393831 /* Frameworks */,
				EBB9FB7B18ACB5FF00393831 /* Products */,
			);
			sourceTree = "<group>";
		};
		EBB9FB7B18ACB5FF00393831 /* Products */ = {
			isa = PBXGroup;
			children = (
				EBB9FB7A18ACB5FF00393831 /* AppRaterSample.app */,
				EBB9FB9B18ACB5FF00393831 /* AppRaterSampleTests.xctest */,
			);
			name = Products;
			sourceTree = "<group>";
		};
		EBB9FB7C18ACB5FF00393831 /* Frameworks */ = {
			isa = PBXGroup;
			children = (
				EBB9FB7D18ACB5FF00393831 /* Foundation.framework */,
				EBB9FB7F18ACB5FF00393831 /* CoreGraphics.framework */,
				EBB9FB8118ACB5FF00393831 /* UIKit.framework */,
				EBB9FB9C18ACB5FF00393831 /* XCTest.framework */,
			);
			name = Frameworks;
			sourceTree = "<group>";
		};
		EBB9FB8318ACB5FF00393831 /* AppRaterSample */ = {
			isa = PBXGroup;
			children = (
				EBB9FBB218ACB71200393831 /* AppRater */,
				EBB9FB8C18ACB5FF00393831 /* AppDelegate.h */,
				EBB9FB8D18ACB5FF00393831 /* AppDelegate.m */,
				EBB9FB8F18ACB5FF00393831 /* Main.storyboard */,
				EBB9FB9218ACB5FF00393831 /* ViewController.h */,
				EBB9FB9318ACB5FF00393831 /* ViewController.m */,
				EBB9FB9518ACB5FF00393831 /* Images.xcassets */,
				EBB9FB8418ACB5FF00393831 /* Supporting Files */,
			);
			path = AppRaterSample;
			sourceTree = "<group>";
		};
		EBB9FB8418ACB5FF00393831 /* Supporting Files */ = {
			isa = PBXGroup;
			children = (
				EBB9FB8518ACB5FF00393831 /* AppRaterSample-Info.plist */,
				EBB9FB8618ACB5FF00393831 /* InfoPlist.strings */,
				EBB9FB8918ACB5FF00393831 /* main.m */,
				EBB9FB8B18ACB5FF00393831 /* AppRaterSample-Prefix.pch */,
			);
			name = "Supporting Files";
			sourceTree = "<group>";
		};
		EBB9FBB218ACB71200393831 /* AppRater */ = {
			isa = PBXGroup;
			children = (
				EBB9FBB318ACB71200393831 /* AppRater.h */,
				EBB9FBB418ACB71200393831 /* AppRater.m */,
			);
			name = AppRater;
			path = ../../AppRater;
			sourceTree = "<group>";
		};
/* End PBXGroup section */

/* Begin PBXNativeTarget section */
		EBB9FB7918ACB5FF00393831 /* AppRaterSample */ = {
			isa = PBXNativeTarget;
			buildConfigurationList = EBB9FBAC18ACB60000393831 /* Build configuration list for PBXNativeTarget "AppRaterSample" */;
			buildPhases = (
				EBB9FB7618ACB5FF00393831 /* Sources */,
				EBB9FB7718ACB5FF00393831 /* Frameworks */,
				EBB9FB7818ACB5FF00393831 /* Resources */,
			);
			buildRules = (
			);
			dependencies = (
			);
			name = AppRaterSample;
			productName = AppRaterSample;
			productReference = EBB9FB7A18ACB5FF00393831 /* AppRaterSample.app */;
			productType = "com.apple.product-type.application";
		};
		EBB9FB9A18ACB5FF00393831 /* AppRaterSampleTests */ = {
			isa = PBXNativeTarget;
			buildConfigurationList = EBB9FBAF18ACB60000393831 /* Build configuration list for PBXNativeTarget "AppRaterSampleTests" */;
			buildPhases = (
				EBB9FB9718ACB5FF00393831 /* Sources */,
				EBB9FB9818ACB5FF00393831 /* Frameworks */,
				EBB9FB9918ACB5FF00393831 /* Resources */,
			);
			buildRules = (
			);
			dependencies = (
				EBB9FBA118ACB5FF00393831 /* PBXTargetDependency */,
			);
			name = AppRaterSampleTests;
			productName = AppRaterSampleTests;
			productReference = EBB9FB9B18ACB5FF00393831 /* AppRaterSampleTests.xctest */;
			productType = "com.apple.product-type.bundle.unit-test";
		};
/* End PBXNativeTarget section */

/* Begin PBXProject section */
		EBB9FB7218ACB5FF00393831 /* Project object */ = {
			isa = PBXProject;
			attributes = {
				LastUpgradeCheck = 0500;
				ORGANIZATIONNAME = "Turkcell Teknoloji";
				TargetAttributes = {
					EBB9FB9A18ACB5FF00393831 = {
						TestTargetID = EBB9FB7918ACB5FF00393831;
					};
				};
			};
			buildConfigurationList = EBB9FB7518ACB5FF00393831 /* Build configuration list for PBXProject "AppRaterSample" */;
			compatibilityVersion = "Xcode 3.2";
			developmentRegion = English;
			hasScannedForEncodings = 0;
			knownRegions = (
				en,
				Base,
			);
			mainGroup = EBB9FB7118ACB5FF00393831;
			productRefGroup = EBB9FB7B18ACB5FF00393831 /* Products */;
			projectDirPath = "";
			projectRoot = "";
			targets = (
				EBB9FB7918ACB5FF00393831 /* AppRaterSample */,
				EBB9FB9A18ACB5FF00393831 /* AppRaterSampleTests */,
			);
		};
/* End PBXProject section */

/* Begin PBXResourcesBuildPhase section */
		EBB9FB7818ACB5FF00393831 /* Resources */ = {
			isa = PBXResourcesBuildPhase;
			buildActionMask = 2147483647;
			files = (
				EBB9FB9618ACB5FF00393831 /* Images.xcassets in Resources */,
				EBB9FB8818ACB5FF00393831 /* InfoPlist.strings in Resources */,
				EBB9FB9118ACB5FF00393831 /* Main.storyboard in Resources */,
			);
			runOnlyForDeploymentPostprocessing = 0;
		};
		EBB9FB9918ACB5FF00393831 /* Resources */ = {
			isa = PBXResourcesBuildPhase;
			buildActionMask = 2147483647;
			files = (
			);
			runOnlyForDeploymentPostprocessing = 0;
		};
/* End PBXResourcesBuildPhase section */

/* Begin PBXSourcesBuildPhase section */
		EBB9FB7618ACB5FF00393831 /* Sources */ = {
			isa = PBXSourcesBuildPhase;
			buildActionMask = 2147483647;
			files = (
				EBB9FBB518ACB71200393831 /* AppRater.m in Sources */,
				EBB9FB9418ACB5FF00393831 /* ViewController.m in Sources */,
				EBB9FB8E18ACB5FF00393831 /* AppDelegate.m in Sources */,
				EBB9FB8A18ACB5FF00393831 /* main.m in Sources */,
			);
			runOnlyForDeploymentPostprocessing = 0;
		};
		EBB9FB9718ACB5FF00393831 /* Sources */ = {
			isa = PBXSourcesBuildPhase;
			buildActionMask = 2147483647;
			files = (
			);
			runOnlyForDeploymentPostprocessing = 0;
		};
/* End PBXSourcesBuildPhase section */

/* Begin PBXTargetDependency section */
		EBB9FBA118ACB5FF00393831 /* PBXTargetDependency */ = {
			isa = PBXTargetDependency;
			target = EBB9FB7918ACB5FF00393831 /* AppRaterSample */;
			targetProxy = EBB9FBA018ACB5FF00393831 /* PBXContainerItemProxy */;
		};
/* End PBXTargetDependency section */

/* Begin PBXVariantGroup section */
		EBB9FB8618ACB5FF00393831 /* InfoPlist.strings */ = {
			isa = PBXVariantGroup;
			children = (
				EBB9FB8718ACB5FF00393831 /* en */,
			);
			name = InfoPlist.strings;
			sourceTree = "<group>";
		};
		EBB9FB8F18ACB5FF00393831 /* Main.storyboard */ = {
			isa = PBXVariantGroup;
			children = (
				EBB9FB9018ACB5FF00393831 /* Base */,
			);
			name = Main.storyboard;
			sourceTree = "<group>";
		};
/* End PBXVariantGroup section */

/* Begin XCBuildConfiguration section */
		EBB9FBAA18ACB60000393831 /* Debug */ = {
			isa = XCBuildConfiguration;
			buildSettings = {
				ALWAYS_SEARCH_USER_PATHS = NO;
				ARCHS = "$(ARCHS_STANDARD_INCLUDING_64_BIT)";
				CLANG_CXX_LANGUAGE_STANDARD = "gnu++0x";
				CLANG_CXX_LIBRARY = "libc++";
				CLANG_ENABLE_MODULES = YES;
				CLANG_ENABLE_OBJC_ARC = YES;
				CLANG_WARN_BOOL_CONVERSION = YES;
				CLANG_WARN_CONSTANT_CONVERSION = YES;
				CLANG_WARN_DIRECT_OBJC_ISA_USAGE = YES_ERROR;
				CLANG_WARN_EMPTY_BODY = YES;
				CLANG_WARN_ENUM_CONVERSION = YES;
				CLANG_WARN_INT_CONVERSION = YES;
				CLANG_WARN_OBJC_ROOT_CLASS = YES_ERROR;
				CLANG_WARN__DUPLICATE_METHOD_MATCH = YES;
				"CODE_SIGN_IDENTITY[sdk=iphoneos*]" = "iPhone Developer";
				COPY_PHASE_STRIP = NO;
				GCC_C_LANGUAGE_STANDARD = gnu99;
				GCC_DYNAMIC_NO_PIC = NO;
				GCC_OPTIMIZATION_LEVEL = 0;
				GCC_PREPROCESSOR_DEFINITIONS = (
					"DEBUG=1",
					"$(inherited)",
				);
				GCC_SYMBOLS_PRIVATE_EXTERN = NO;
				GCC_WARN_64_TO_32_BIT_CONVERSION = YES;
				GCC_WARN_ABOUT_RETURN_TYPE = YES_ERROR;
				GCC_WARN_UNDECLARED_SELECTOR = YES;
				GCC_WARN_UNINITIALIZED_AUTOS = YES;
				GCC_WARN_UNUSED_FUNCTION = YES;
				GCC_WARN_UNUSED_VARIABLE = YES;
				IPHONEOS_DEPLOYMENT_TARGET = 7.0;
				ONLY_ACTIVE_ARCH = YES;
				SDKROOT = iphoneos;
			};
			name = Debug;
		};
		EBB9FBAB18ACB60000393831 /* Release */ = {
			isa = XCBuildConfiguration;
			buildSettings = {
				ALWAYS_SEARCH_USER_PATHS = NO;
				ARCHS = "$(ARCHS_STANDARD_INCLUDING_64_BIT)";
				CLANG_CXX_LANGUAGE_STANDARD = "gnu++0x";
				CLANG_CXX_LIBRARY = "libc++";
				CLANG_ENABLE_MODULES = YES;
				CLANG_ENABLE_OBJC_ARC = YES;
				CLANG_WARN_BOOL_CONVERSION = YES;
				CLANG_WARN_CONSTANT_CONVERSION = YES;
				CLANG_WARN_DIRECT_OBJC_ISA_USAGE = YES_ERROR;
				CLANG_WARN_EMPTY_BODY = YES;
				CLANG_WARN_ENUM_CONVERSION = YES;
				CLANG_WARN_INT_CONVERSION = YES;
				CLANG_WARN_OBJC_ROOT_CLASS = YES_ERROR;
				CLANG_WARN__DUPLICATE_METHOD_MATCH = YES;
				"CODE_SIGN_IDENTITY[sdk=iphoneos*]" = "iPhone Developer";
				COPY_PHASE_STRIP = YES;
				ENABLE_NS_ASSERTIONS = NO;
				GCC_C_LANGUAGE_STANDARD = gnu99;
				GCC_WARN_64_TO_32_BIT_CONVERSION = YES;
				GCC_WARN_ABOUT_RETURN_TYPE = YES_ERROR;
				GCC_WARN_UNDECLARED_SELECTOR = YES;
				GCC_WARN_UNINITIALIZED_AUTOS = YES;
				GCC_WARN_UNUSED_FUNCTION = YES;
				GCC_WARN_UNUSED_VARIABLE = YES;
				IPHONEOS_DEPLOYMENT_TARGET = 7.0;
				SDKROOT = iphoneos;
				VALIDATE_PRODUCT = YES;
			};
			name = Release;
		};
		EBB9FBAD18ACB60000393831 /* Debug */ = {
			isa = XCBuildConfiguration;
			buildSettings = {
				ASSETCATALOG_COMPILER_APPICON_NAME = AppIcon;
				ASSETCATALOG_COMPILER_LAUNCHIMAGE_NAME = LaunchImage;
				GCC_PRECOMPILE_PREFIX_HEADER = YES;
				GCC_PREFIX_HEADER = "AppRaterSample/AppRaterSample-Prefix.pch";
				INFOPLIST_FILE = "AppRaterSample/AppRaterSample-Info.plist";
				IPHONEOS_DEPLOYMENT_TARGET = 6.0;
				PRODUCT_NAME = "$(TARGET_NAME)";
				WRAPPER_EXTENSION = app;
			};
			name = Debug;
		};
		EBB9FBAE18ACB60000393831 /* Release */ = {
			isa = XCBuildConfiguration;
			buildSettings = {
				ASSETCATALOG_COMPILER_APPICON_NAME = AppIcon;
				ASSETCATALOG_COMPILER_LAUNCHIMAGE_NAME = LaunchImage;
				GCC_PRECOMPILE_PREFIX_HEADER = YES;
				GCC_PREFIX_HEADER = "AppRaterSample/AppRaterSample-Prefix.pch";
				INFOPLIST_FILE = "AppRaterSample/AppRaterSample-Info.plist";
				IPHONEOS_DEPLOYMENT_TARGET = 6.0;
				PRODUCT_NAME = "$(TARGET_NAME)";
				WRAPPER_EXTENSION = app;
			};
			name = Release;
		};
		EBB9FBB018ACB60000393831 /* Debug */ = {
			isa = XCBuildConfiguration;
			buildSettings = {
				ARCHS = "$(ARCHS_STANDARD_INCLUDING_64_BIT)";
				BUNDLE_LOADER = "$(BUILT_PRODUCTS_DIR)/AppRaterSample.app/AppRaterSample";
				FRAMEWORK_SEARCH_PATHS = (
					"$(SDKROOT)/Developer/Library/Frameworks",
					"$(inherited)",
					"$(DEVELOPER_FRAMEWORKS_DIR)",
				);
				GCC_PRECOMPILE_PREFIX_HEADER = YES;
				GCC_PREFIX_HEADER = "AppRaterSample/AppRaterSample-Prefix.pch";
				GCC_PREPROCESSOR_DEFINITIONS = (
					"DEBUG=1",
					"$(inherited)",
				);
				INFOPLIST_FILE = "AppRaterSampleTests/AppRaterSampleTests-Info.plist";
				PRODUCT_NAME = "$(TARGET_NAME)";
				TEST_HOST = "$(BUNDLE_LOADER)";
				WRAPPER_EXTENSION = xctest;
			};
			name = Debug;
		};
		EBB9FBB118ACB60000393831 /* Release */ = {
			isa = XCBuildConfiguration;
			buildSettings = {
				ARCHS = "$(ARCHS_STANDARD_INCLUDING_64_BIT)";
				BUNDLE_LOADER = "$(BUILT_PRODUCTS_DIR)/AppRaterSample.app/AppRaterSample";
				FRAMEWORK_SEARCH_PATHS = (
					"$(SDKROOT)/Developer/Library/Frameworks",
					"$(inherited)",
					"$(DEVELOPER_FRAMEWORKS_DIR)",
				);
				GCC_PRECOMPILE_PREFIX_HEADER = YES;
				GCC_PREFIX_HEADER = "AppRaterSample/AppRaterSample-Prefix.pch";
				INFOPLIST_FILE = "AppRaterSampleTests/AppRaterSampleTests-Info.plist";
				PRODUCT_NAME = "$(TARGET_NAME)";
				TEST_HOST = "$(BUNDLE_LOADER)";
				WRAPPER_EXTENSION = xctest;
			};
			name = Release;
		};
/* End XCBuildConfiguration section */

/* Begin XCConfigurationList section */
		EBB9FB7518ACB5FF00393831 /* Build configuration list for PBXProject "AppRaterSample" */ = {
			isa = XCConfigurationList;
			buildConfigurations = (
				EBB9FBAA18ACB60000393831 /* Debug */,
				EBB9FBAB18ACB60000393831 /* Release */,
			);
			defaultConfigurationIsVisible = 0;
			defaultConfigurationName = Release;
		};
		EBB9FBAC18ACB60000393831 /* Build configuration list for PBXNativeTarget "AppRaterSample" */ = {
			isa = XCConfigurationList;
			buildConfigurations = (
				EBB9FBAD18ACB60000393831 /* Debug */,
				EBB9FBAE18ACB60000393831 /* Release */,
			);
			defaultConfigurationIsVisible = 0;
			defaultConfigurationName = Release;
		};
		EBB9FBAF18ACB60000393831 /* Build configuration list for PBXNativeTarget "AppRaterSampleTests" */ = {
			isa = XCConfigurationList;
			buildConfigurations = (
				EBB9FBB018ACB60000393831 /* Debug */,
				EBB9FBB118ACB60000393831 /* Release */,
			);
			defaultConfigurationIsVisible = 0;
			defaultConfigurationName = Release;
		};
/* End XCConfigurationList section */
	};
	rootObject = EBB9FB7218ACB5FF00393831 /* Project object */;
}
